Microsoft Visual Studio Solution File, Format Version 12.00
# Visual Studio 2012
Project("{FAE04EC0-301F-11D3-BF4B-00C04F79EFBC}") = "spatial-audio-extended-csharp", "spatial-audio-extended-csharp.csproj", "{EAD85924-E928-4804-A93C-1A8D1B070718}"
EndProject
Global
	GlobalSection(SolutionConfigurationPlatforms) = preSolution
	Debug|Any CPU = Debug|Any CPU
	ExportDebug|Any CPU = ExportDebug|Any CPU
	ExportRelease|Any CPU = ExportRelease|Any CPU
	EndGlobalSection
	GlobalSection(ProjectConfigurationPlatforms) = postSolution
		{EAD85924-E928-4804-A93C-1A8D1B070718}.Debug|Any CPU.ActiveCfg = Debug|Any CPU
		{EAD85924-E928-4804-A93C-1A8D1B070718}.Debug|Any CPU.Build.0 = Debug|Any CPU
		{EAD85924-E928-4804-A93C-1A8D1B070718}.ExportDebug|Any CPU.ActiveCfg = ExportDebug|Any CPU
		{EAD85924-E928-4804-A93C-1A8D1B070718}.ExportDebug|Any CPU.Build.0 = ExportDebug|Any CPU
		{EAD85924-E928-4804-A93C-1A8D1B070718}.ExportRelease|Any CPU.ActiveCfg = ExportRelease|Any CPU
		{EAD85924-E928-4804-A93C-1A8D1B070718}.ExportRelease|Any CPU.Build.0 = ExportRelease|Any CPU
	EndGlobalSection
EndGlobal
